// !$*UTF8*$!
{
	archiveVersion = 1;
	classes = {
	};
	objectVersion = 77;
	objects = {

/* Begin PBXBuildFile section */
		046025B82E25F03F005DB147 /* 1.jpg in Resources */ = {isa = PBXBuildFile; fileRef = 046025B72E25F03F005DB147 /* 1.jpg */; };
		046025BA2E25F076005DB147 /* 2.jpg in Resources */ = {isa = PBXBuildFile; fileRef = 046025B92E25F076005DB147 /* 2.jpg */; };
		046025BC2E25F093005DB147 /* 3.jpg in Resources */ = {isa = PBXBuildFile; fileRef = 046025BB2E25F093005DB147 /* 3.jpg */; };
		046025BE2E25F097005DB147 /* 4.jpg in Resources */ = {isa = PBXBuildFile; fileRef = 046025BD2E25F097005DB147 /* 4.jpg */; };
		046025C02E25F09D005DB147 /* 5.jpg in Resources */ = {isa = PBXBuildFile; fileRef = 046025BF2E25F09D005DB147 /* 5.jpg */; };
		046025C22E25F0A5005DB147 /* 头像.jpg in Resources */ = {isa = PBXBuildFile; fileRef = 046025C12E25F0A5005DB147 /* 头像.jpg */; };
/* End PBXBuildFile section */

/* Begin PBXContainerItemProxy section */
		046025872E25EE5B005DB147 /* PBXContainerItemProxy */ = {
			isa = PBXContainerItemProxy;
			containerPortal = 046025632E25EE5A005DB147 /* Project object */;
			proxyType = 1;
			remoteGlobalIDString = 0460256A2E25EE5A005DB147;
			remoteInfo = ZARA;
		};
		046025912E25EE5B005DB147 /* PBXContainerItemProxy */ = {
			isa = PBXContainerItemProxy;
			containerPortal = 046025632E25EE5A005DB147 /* Project object */;
			proxyType = 1;
			remoteGlobalIDString = 0460256A2E25EE5A005DB147;
			remoteInfo = ZARA;
		};
/* End PBXContainerItemProxy section */

/* Begin PBXFileReference section */
		0460256B2E25EE5A005DB147 /* ZARA.app */ = {isa = PBXFileReference; explicitFileType = wrapper.application; includeInIndex = 0; path = ZARA.app; sourceTree = BUILT_PRODUCTS_DIR; };
		046025862E25EE5B005DB147 /* ZARATests.xctest */ = {isa = PBXFileReference; explicitFileType = wrapper.cfbundle; includeInIndex = 0; path = ZARATests.xctest; sourceTree = BUILT_PRODUCTS_DIR; };
		046025902E25EE5B005DB147 /* ZARAUITests.xctest */ = {isa = PBXFileReference; explicitFileType = wrapper.cfbundle; includeInIndex = 0; path = ZARAUITests.xctest; sourceTree = BUILT_PRODUCTS_DIR; };
		046025B72E25F03F005DB147 /* 1.jpg */ = {isa = PBXFileReference; lastKnownFileType = image.jpeg; path = 1.jpg; sourceTree = "<group>"; };
		046025B92E25F076005DB147 /* 2.jpg */ = {isa = PBXFileReference; lastKnownFileType = image.jpeg; path = 2.jpg; sourceTree = "<group>"; };
		046025BB2E25F093005DB147 /* 3.jpg */ = {isa = PBXFileReference; lastKnownFileType = image.jpeg; path = 3.jpg; sourceTree = "<group>"; };
		046025BD2E25F097005DB147 /* 4.jpg */ = {isa = PBXFileReference; lastKnownFileType = image.jpeg; path = 4.jpg; sourceTree = "<group>"; };
		046025BF2E25F09D005DB147 /* 5.jpg */ = {isa = PBXFileReference; lastKnownFileType = image.jpeg; path = 5.jpg; sourceTree = "<group>"; };
		046025C12E25F0A5005DB147 /* 头像.jpg */ = {isa = PBXFileReference; lastKnownFileType = image.jpeg; path = "头像.jpg"; sourceTree = "<group>"; };
/* End PBXFileReference section */

/* Begin PBXFileSystemSynchronizedBuildFileExceptionSet section */
		046025982E25EE5B005DB147 /* Exceptions for "ZARA" folder in "ZARA" target */ = {
			isa = PBXFileSystemSynchronizedBuildFileExceptionSet;
			membershipExceptions = (
				Info.plist,
			);
			target = 0460256A2E25EE5A005DB147 /* ZARA */;
		};
/* End PBXFileSystemSynchronizedBuildFileExceptionSet section */

/* Begin PBXFileSystemSynchronizedRootGroup section */
		0460256D2E25EE5A005DB147 /* ZARA */ = {
			isa = PBXFileSystemSynchronizedRootGroup;
			exceptions = (
				046025982E25EE5B005DB147 /* Exceptions for "ZARA" folder in "ZARA" target */,
			);
			path = ZARA;
			sourceTree = "<group>";
		};
		046025892E25EE5B005DB147 /* ZARATests */ = {
			isa = PBXFileSystemSynchronizedRootGroup;
			path = ZARATests;
			sourceTree = "<group>";
		};
		046025932E25EE5B005DB147 /* ZARAUITests */ = {
			isa = PBXFileSystemSynchronizedRootGroup;
			path = ZARAUITests;
			sourceTree = "<group>";
		};
/* End PBXFileSystemSynchronizedRootGroup section */

/* Begin PBXFrameworksBuildPhase section */
		046025682E25EE5A005DB147 /* Frameworks */ = {
			isa = PBXFrameworksBuildPhase;
			buildActionMask = 2147483647;
			files = (
			);
			runOnlyForDeploymentPostprocessing = 0;
		};
		046025832E25EE5B005DB147 /* Frameworks */ = {
			isa = PBXFrameworksBuildPhase;
			buildActionMask = 2147483647;
			files = (
			);
			runOnlyForDeploymentPostprocessing = 0;
		};
		0460258D2E25EE5B005DB147 /* Frameworks */ = {
			isa = PBXFrameworksBuildPhase;
			buildActionMask = 2147483647;
			files = (
			);
			runOnlyForDeploymentPostprocessing = 0;
		};
/* End PBXFrameworksBuildPhase section */

/* Begin PBXGroup section */
		046025622E25EE5A005DB147 = {
			isa = PBXGroup;
			children = (
				0460256D2E25EE5A005DB147 /* ZARA */,
				046025892E25EE5B005DB147 /* ZARATests */,
				046025932E25EE5B005DB147 /* ZARAUITests */,
				0460256C2E25EE5A005DB147 /* Products */,
				046025B72E25F03F005DB147 /* 1.jpg */,
				046025B92E25F076005DB147 /* 2.jpg */,
				046025BB2E25F093005DB147 /* 3.jpg */,
				046025BD2E25F097005DB147 /* 4.jpg */,
				046025BF2E25F09D005DB147 /* 5.jpg */,
				046025C12E25F0A5005DB147 /* 头像.jpg */,
			);
			sourceTree = "<group>";
		};
		0460256C2E25EE5A005DB147 /* Products */ = {
			isa = PBXGroup;
			children = (
				0460256B2E25EE5A005DB147 /* ZARA.app */,
				046025862E25EE5B005DB147 /* ZARATests.xctest */,
				046025902E25EE5B005DB147 /* ZARAUITests.xctest */,
			);
			name = Products;
			sourceTree = "<group>";
		};
/* End PBXGroup section */

/* Begin PBXNativeTarget section */
		0460256A2E25EE5A005DB147 /* ZARA */ = {
			isa = PBXNativeTarget;
			buildConfigurationList = 046025992E25EE5B005DB147 /* Build configuration list for PBXNativeTarget "ZARA" */;
			buildPhases = (
				046025672E25EE5A005DB147 /* Sources */,
				046025682E25EE5A005DB147 /* Frameworks */,
				046025692E25EE5A005DB147 /* Resources */,
			);
			buildRules = (
			);
			dependencies = (
			);
			fileSystemSynchronizedGroups = (
				0460256D2E25EE5A005DB147 /* ZARA */,
			);
			name = ZARA;
			packageProductDependencies = (
			);
			productName = ZARA;
			productReference = 0460256B2E25EE5A005DB147 /* ZARA.app */;
			productType = "com.apple.product-type.application";
		};
		046025852E25EE5B005DB147 /* ZARATests */ = {
			isa = PBXNativeTarget;
			buildConfigurationList = 0460259E2E25EE5B005DB147 /* Build configuration list for PBXNativeTarget "ZARATests" */;
			buildPhases = (
				046025822E25EE5B005DB147 /* Sources */,
				046025832E25EE5B005DB147 /* Frameworks */,
				046025842E25EE5B005DB147 /* Resources */,
			);
			buildRules = (
			);
			dependencies = (
				046025882E25EE5B005DB147 /* PBXTargetDependency */,
			);
			fileSystemSynchronizedGroups = (
				046025892E25EE5B005DB147 /* ZARATests */,
			);
			name = ZARATests;
			packageProductDependencies = (
			);
			productName = ZARATests;
			productReference = 046025862E25EE5B005DB147 /* ZARATests.xctest */;
			productType = "com.apple.product-type.bundle.unit-test";
		};
		0460258F2E25EE5B005DB147 /* ZARAUITests */ = {
			isa = PBXNativeTarget;
			buildConfigurationList = 046025A12E25EE5B005DB147 /* Build configuration list for PBXNativeTarget "ZARAUITests" */;
			buildPhases = (
				0460258C2E25EE5B005DB147 /* Sources */,
				0460258D2E25EE5B005DB147 /* Frameworks */,
				0460258E2E25EE5B005DB147 /* Resources */,
			);
			buildRules = (
			);
			dependencies = (
				046025922E25EE5B005DB147 /* PBXTargetDependency */,
			);
			fileSystemSynchronizedGroups = (
				046025932E25EE5B005DB147 /* ZARAUITests */,
			);
			name = ZARAUITests;
			packageProductDependencies = (
			);
			productName = ZARAUITests;
			productReference = 046025902E25EE5B005DB147 /* ZARAUITests.xctest */;
			productType = "com.apple.product-type.bundle.ui-testing";
		};
/* End PBXNativeTarget section */

/* Begin PBXProject section */
		046025632E25EE5A005DB147 /* Project object */ = {
			isa = PBXProject;
			attributes = {
				BuildIndependentTargetsInParallel = 1;
				LastUpgradeCheck = 1630;
				TargetAttributes = {
					0460256A2E25EE5A005DB147 = {
						CreatedOnToolsVersion = 16.3;
					};
					046025852E25EE5B005DB147 = {
						CreatedOnToolsVersion = 16.3;
						TestTargetID = 0460256A2E25EE5A005DB147;
					};
					0460258F2E25EE5B005DB147 = {
						CreatedOnToolsVersion = 16.3;
						TestTargetID = 0460256A2E25EE5A005DB147;
					};
				};
			};
			buildConfigurationList = 046025662E25EE5A005DB147 /* Build configuration list for PBXProject "ZARA" */;
			developmentRegion = en;
			hasScannedForEncodings = 0;
			knownRegions = (
				en,
				Base,
			);
			mainGroup = 046025622E25EE5A005DB147;
			minimizedProjectReferenceProxies = 1;
			preferredProjectObjectVersion = 77;
			productRefGroup = 0460256C2E25EE5A005DB147 /* Products */;
			projectDirPath = "";
			projectRoot = "";
			targets = (
				0460256A2E25EE5A005DB147 /* ZARA */,
				046025852E25EE5B005DB147 /* ZARATests */,
				0460258F2E25EE5B005DB147 /* ZARAUITests */,
			);
		};
/* End PBXProject section */

/* Begin PBXResourcesBuildPhase section */
		046025692E25EE5A005DB147 /* Resources */ = {
			isa = PBXResourcesBuildPhase;
			buildActionMask = 2147483647;
			files = (
				046025B82E25F03F005DB147 /* 1.jpg in Resources */,
				046025BE2E25F097005DB147 /* 4.jpg in Resources */,
				046025BA2E25F076005DB147 /* 2.jpg in Resources */,
				046025BC2E25F093005DB147 /* 3.jpg in Resources */,
				046025C22E25F0A5005DB147 /* 头像.jpg in Resources */,
				046025C02E25F09D005DB147 /* 5.jpg in Resources */,
			);
			runOnlyForDeploymentPostprocessing = 0;
		};
		046025842E25EE5B005DB147 /* Resources */ = {
			isa = PBXResourcesBuildPhase;
			buildActionMask = 2147483647;
			files = (
			);
			runOnlyForDeploymentPostprocessing = 0;
		};
		0460258E2E25EE5B005DB147 /* Resources */ = {
			isa = PBXResourcesBuildPhase;
			buildActionMask = 2147483647;
			files = (
			);
			runOnlyForDeploymentPostprocessing = 0;
		};
/* End PBXResourcesBuildPhase section */

/* Begin PBXSourcesBuildPhase section */
		046025672E25EE5A005DB147 /* Sources */ = {
			isa = PBXSourcesBuildPhase;
			buildActionMask = 2147483647;
			files = (
			);
			runOnlyForDeploymentPostprocessing = 0;
		};
		046025822E25EE5B005DB147 /* Sources */ = {
			isa = PBXSourcesBuildPhase;
			buildActionMask = 2147483647;
			files = (
			);
			runOnlyForDeploymentPostprocessing = 0;
		};
		0460258C2E25EE5B005DB147 /* Sources */ = {
			isa = PBXSourcesBuildPhase;
			buildActionMask = 2147483647;
			files = (
			);
			runOnlyForDeploymentPostprocessing = 0;
		};
/* End PBXSourcesBuildPhase section */

/* Begin PBXTargetDependency section */
		046025882E25EE5B005DB147 /* PBXTargetDependency */ = {
			isa = PBXTargetDependency;
			target = 0460256A2E25EE5A005DB147 /* ZARA */;
			targetProxy = 046025872E25EE5B005DB147 /* PBXContainerItemProxy */;
		};
		046025922E25EE5B005DB147 /* PBXTargetDependency */ = {
			isa = PBXTargetDependency;
			target = 0460256A2E25EE5A005DB147 /* ZARA */;
			targetProxy = 046025912E25EE5B005DB147 /* PBXContainerItemProxy */;
		};
/* End PBXTargetDependency section */

/* Begin XCBuildConfiguration section */
		0460259A2E25EE5B005DB147 /* Debug */ = {
			isa = XCBuildConfiguration;
			buildSettings = {
				ASSETCATALOG_COMPILER_APPICON_NAME = AppIcon;
				ASSETCATALOG_COMPILER_GLOBAL_ACCENT_COLOR_NAME = AccentColor;
				CODE_SIGN_STYLE = Automatic;
				CURRENT_PROJECT_VERSION = 1;
				GENERATE_INFOPLIST_FILE = YES;
				INFOPLIST_FILE = ZARA/Info.plist;
				INFOPLIST_KEY_UIApplicationSupportsIndirectInputEvents = YES;
				INFOPLIST_KEY_UILaunchStoryboardName = LaunchScreen;
				INFOPLIST_KEY_UIMainStoryboardFile = Main;
				INFOPLIST_KEY_UISupportedInterfaceOrientations_iPad = "UIInterfaceOrientationPortrait UIInterfaceOrientationPortraitUpsideDown UIInterfaceOrientationLandscapeLeft UIInterfaceOrientationLandscapeRight";
				INFOPLIST_KEY_UISupportedInterfaceOrientations_iPhone = "UIInterfaceOrientationPortrait UIInterfaceOrientationLandscapeLeft UIInterfaceOrientationLandscapeRight";
				LD_RUNPATH_SEARCH_PATHS = (
					"$(inherited)",
					"@executable_path/Frameworks",
				);
				MARKETING_VERSION = 1.0;
				PRODUCT_BUNDLE_IDENTIFIER = lyd.ZARA;
				PRODUCT_NAME = "$(TARGET_NAME)";
				SWIFT_EMIT_LOC_STRINGS = YES;
				TARGETED_DEVICE_FAMILY = "1,2";
			};
			name = Debug;
		};
		0460259B2E25EE5B005DB147 /* Release */ = {
			isa = XCBuildConfiguration;
			buildSettings = {
				ASSETCATALOG_COMPILER_APPICON_NAME = AppIcon;
				ASSETCATALOG_COMPILER_GLOBAL_ACCENT_COLOR_NAME = AccentColor;
				CODE_SIGN_STYLE = Automatic;
				CURRENT_PROJECT_VERSION = 1;
				GENERATE_INFOPLIST_FILE = YES;
				INFOPLIST_FILE = ZARA/Info.plist;
				INFOPLIST_KEY_UIApplicationSupportsIndirectInputEvents = YES;
				INFOPLIST_KEY_UILaunchStoryboardName = LaunchScreen;
				INFOPLIST_KEY_UIMainStoryboardFile = Main;
				INFOPLIST_KEY_UISupportedInterfaceOrientations_iPad = "UIInterfaceOrientationPortrait UIInterfaceOrientationPortraitUpsideDown UIInterfaceOrientationLandscapeLeft UIInterfaceOrientationLandscapeRight";
				INFOPLIST_KEY_UISupportedInterfaceOrientations_iPhone = "UIInterfaceOrientationPortrait UIInterfaceOrientationLandscapeLeft UIInterfaceOrientationLandscapeRight";
				LD_RUNPATH_SEARCH_PATHS = (
					"$(inherited)",
					"@executable_path/Frameworks",
				);
				MARKETING_VERSION = 1.0;
				PRODUCT_BUNDLE_IDENTIFIER = lyd.ZARA;
				PRODUCT_NAME = "$(TARGET_NAME)";
				SWIFT_EMIT_LOC_STRINGS = YES;
				TARGETED_DEVICE_FAMILY = "1,2";
			};
			name = Release;
		};
		0460259C2E25EE5B005DB147 /* Debug */ = {
			isa = XCBuildConfiguration;
			buildSettings = {
				ALWAYS_SEARCH_USER_PATHS = NO;
				ASSETCATALOG_COMPILER_GENERATE_SWIFT_ASSET_SYMBOL_EXTENSIONS = YES;
				CLANG_ANALYZER_NONNULL = YES;
				CLANG_ANALYZER_NUMBER_OBJECT_CONVERSION = YES_AGGRESSIVE;
				CLANG_CXX_LANGUAGE_STANDARD = "gnu++20";
				CLANG_ENABLE_MODULES = YES;
				CLANG_ENABLE_OBJC_ARC = YES;
				CLANG_ENABLE_OBJC_WEAK = YES;
				CLANG_WARN_BLOCK_CAPTURE_AUTORELEASING = YES;
				CLANG_WARN_BOOL_CONVERSION = YES;
				CLANG_WARN_COMMA = YES;
				CLANG_WARN_CONSTANT_CONVERSION = YES;
				CLANG_WARN_DEPRECATED_OBJC_IMPLEMENTATIONS = YES;
				CLANG_WARN_DIRECT_OBJC_ISA_USAGE = YES_ERROR;
				CLANG_WARN_DOCUMENTATION_COMMENTS = YES;
				CLANG_WARN_EMPTY_BODY = YES;
				CLANG_WARN_ENUM_CONVERSION = YES;
				CLANG_WARN_INFINITE_RECURSION = YES;
				CLANG_WARN_INT_CONVERSION = YES;
				CLANG_WARN_NON_LITERAL_NULL_CONVERSION = YES;
				CLANG_WARN_OBJC_IMPLICIT_RETAIN_SELF = YES;
				CLANG_WARN_OBJC_LITERAL_CONVERSION = YES;
				CLANG_WARN_OBJC_ROOT_CLASS = YES_ERROR;
				CLANG_WARN_QUOTED_INCLUDE_IN_FRAMEWORK_HEADER = YES;
				CLANG_WARN_RANGE_LOOP_ANALYSIS = YES;
				CLANG_WARN_STRICT_PROTOTYPES = YES;
				CLANG_WARN_SUSPICIOUS_MOVE = YES;
				CLANG_WARN_UNGUARDED_AVAILABILITY = YES_AGGRESSIVE;
				CLANG_WARN_UNREACHABLE_CODE = YES;
				CLANG_WARN__DUPLICATE_METHOD_MATCH = YES;
				COPY_PHASE_STRIP = NO;
				DEBUG_INFORMATION_FORMAT = dwarf;
				ENABLE_STRICT_OBJC_MSGSEND = YES;
				ENABLE_TESTABILITY = YES;
				ENABLE_USER_SCRIPT_SANDBOXING = YES;
				GCC_C_LANGUAGE_STANDARD = gnu17;
				GCC_DYNAMIC_NO_PIC = NO;
				GCC_NO_COMMON_BLOCKS = YES;
				GCC_OPTIMIZATION_LEVEL = 0;
				GCC_PREPROCESSOR_DEFINITIONS = (
					"DEBUG=1",
					"$(inherited)",
				);
				GCC_WARN_64_TO_32_BIT_CONVERSION = YES;
				GCC_WARN_ABOUT_RETURN_TYPE = YES_ERROR;
				GCC_WARN_UNDECLARED_SELECTOR = YES;
				GCC_WARN_UNINITIALIZED_AUTOS = YES_AGGRESSIVE;
				GCC_WARN_UNUSED_FUNCTION = YES;
				GCC_WARN_UNUSED_VARIABLE = YES;
				IPHONEOS_DEPLOYMENT_TARGET = 18.4;
				LOCALIZATION_PREFERS_STRING_CATALOGS = YES;
				MTL_ENABLE_DEBUG_INFO = INCLUDE_SOURCE;
				MTL_FAST_MATH = YES;
				ONLY_ACTIVE_ARCH = YES;
				SDKROOT = iphoneos;
			};
			name = Debug;
		};
		0460259D2E25EE5B005DB147 /* Release */ = {
			isa = XCBuildConfiguration;
			buildSettings = {
				ALWAYS_SEARCH_USER_PATHS = NO;
				ASSETCATALOG_COMPILER_GENERATE_SWIFT_ASSET_SYMBOL_EXTENSIONS = YES;
				CLANG_ANALYZER_NONNULL = YES;
				CLANG_ANALYZER_NUMBER_OBJECT_CONVERSION = YES_AGGRESSIVE;
				CLANG_CXX_LANGUAGE_STANDARD = "gnu++20";
				CLANG_ENABLE_MODULES = YES;
				CLANG_ENABLE_OBJC_ARC = YES;
				CLANG_ENABLE_OBJC_WEAK = YES;
				CLANG_WARN_BLOCK_CAPTURE_AUTORELEASING = YES;
				CLANG_WARN_BOOL_CONVERSION = YES;
				CLANG_WARN_COMMA = YES;
				CLANG_WARN_CONSTANT_CONVERSION = YES;
				CLANG_WARN_DEPRECATED_OBJC_IMPLEMENTATIONS = YES;
				CLANG_WARN_DIRECT_OBJC_ISA_USAGE = YES_ERROR;
				CLANG_WARN_DOCUMENTATION_COMMENTS = YES;
				CLANG_WARN_EMPTY_BODY = YES;
				CLANG_WARN_ENUM_CONVERSION = YES;
				CLANG_WARN_INFINITE_RECURSION = YES;
				CLANG_WARN_INT_CONVERSION = YES;
				CLANG_WARN_NON_LITERAL_NULL_CONVERSION = YES;
				CLANG_WARN_OBJC_IMPLICIT_RETAIN_SELF = YES;
				CLANG_WARN_OBJC_LITERAL_CONVERSION = YES;
				CLANG_WARN_OBJC_ROOT_CLASS = YES_ERROR;
				CLANG_WARN_QUOTED_INCLUDE_IN_FRAMEWORK_HEADER = YES;
				CLANG_WARN_RANGE_LOOP_ANALYSIS = YES;
				CLANG_WARN_STRICT_PROTOTYPES = YES;
				CLANG_WARN_SUSPICIOUS_MOVE = YES;
				CLANG_WARN_UNGUARDED_AVAILABILITY = YES_AGGRESSIVE;
				CLANG_WARN_UNREACHABLE_CODE = YES;
				CLANG_WARN__DUPLICATE_METHOD_MATCH = YES;
				COPY_PHASE_STRIP = NO;
				DEBUG_INFORMATION_FORMAT = "dwarf-with-dsym";
				ENABLE_NS_ASSERTIONS = NO;
				ENABLE_STRICT_OBJC_MSGSEND = YES;
				ENABLE_USER_SCRIPT_SANDBOXING = YES;
				GCC_C_LANGUAGE_STANDARD = gnu17;
				GCC_NO_COMMON_BLOCKS = YES;
				GCC_WARN_64_TO_32_BIT_CONVERSION = YES;
				GCC_WARN_ABOUT_RETURN_TYPE = YES_ERROR;
				GCC_WARN_UNDECLARED_SELECTOR = YES;
				GCC_WARN_UNINITIALIZED_AUTOS = YES_AGGRESSIVE;
				GCC_WARN_UNUSED_FUNCTION = YES;
				GCC_WARN_UNUSED_VARIABLE = YES;
				IPHONEOS_DEPLOYMENT_TARGET = 18.4;
				LOCALIZATION_PREFERS_STRING_CATALOGS = YES;
				MTL_ENABLE_DEBUG_INFO = NO;
				MTL_FAST_MATH = YES;
				SDKROOT = iphoneos;
				VALIDATE_PRODUCT = YES;
			};
			name = Release;
		};
		0460259F2E25EE5B005DB147 /* Debug */ = {
			isa = XCBuildConfiguration;
			buildSettings = {
				BUNDLE_LOADER = "$(TEST_HOST)";
				CODE_SIGN_STYLE = Automatic;
				CURRENT_PROJECT_VERSION = 1;
				GENERATE_INFOPLIST_FILE = YES;
				IPHONEOS_DEPLOYMENT_TARGET = 18.4;
				MARKETING_VERSION = 1.0;
				PRODUCT_BUNDLE_IDENTIFIER = lyd.ZARATests;
				PRODUCT_NAME = "$(TARGET_NAME)";
				SWIFT_EMIT_LOC_STRINGS = NO;
				TARGETED_DEVICE_FAMILY = "1,2";
				TEST_HOST = "$(BUILT_PRODUCTS_DIR)/ZARA.app/$(BUNDLE_EXECUTABLE_FOLDER_PATH)/ZARA";
			};
			name = Debug;
		};
		046025A02E25EE5B005DB147 /* Release */ = {
			isa = XCBuildConfiguration;
			buildSettings = {
				BUNDLE_LOADER = "$(TEST_HOST)";
				CODE_SIGN_STYLE = Automatic;
				CURRENT_PROJECT_VERSION = 1;
				GENERATE_INFOPLIST_FILE = YES;
				IPHONEOS_DEPLOYMENT_TARGET = 18.4;
				MARKETING_VERSION = 1.0;
				PRODUCT_BUNDLE_IDENTIFIER = lyd.ZARATests;
				PRODUCT_NAME = "$(TARGET_NAME)";
				SWIFT_EMIT_LOC_STRINGS = NO;
				TARGETED_DEVICE_FAMILY = "1,2";
				TEST_HOST = "$(BUILT_PRODUCTS_DIR)/ZARA.app/$(BUNDLE_EXECUTABLE_FOLDER_PATH)/ZARA";
			};
			name = Release;
		};
		046025A22E25EE5B005DB147 /* Debug */ = {
			isa = XCBuildConfiguration;
			buildSettings = {
				CODE_SIGN_STYLE = Automatic;
				CURRENT_PROJECT_VERSION = 1;
				GENERATE_INFOPLIST_FILE = YES;
				MARKETING_VERSION = 1.0;
				PRODUCT_BUNDLE_IDENTIFIER = lyd.ZARAUITests;
				PRODUCT_NAME = "$(TARGET_NAME)";
				SWIFT_EMIT_LOC_STRINGS = NO;
				TARGETED_DEVICE_FAMILY = "1,2";
				TEST_TARGET_NAME = ZARA;
			};
			name = Debug;
		};
		046025A32E25EE5B005DB147 /* Release */ = {
			isa = XCBuildConfiguration;
			buildSettings = {
				CODE_SIGN_STYLE = Automatic;
				CURRENT_PROJECT_VERSION = 1;
				GENERATE_INFOPLIST_FILE = YES;
				MARKETING_VERSION = 1.0;
				PRODUCT_BUNDLE_IDENTIFIER = lyd.ZARAUITests;
				PRODUCT_NAME = "$(TARGET_NAME)";
				SWIFT_EMIT_LOC_STRINGS = NO;
				TARGETED_DEVICE_FAMILY = "1,2";
				TEST_TARGET_NAME = ZARA;
			};
			name = Release;
		};
/* End XCBuildConfiguration section */

/* Begin XCConfigurationList section */
		046025662E25EE5A005DB147 /* Build configuration list for PBXProject "ZARA" */ = {
			isa = XCConfigurationList;
			buildConfigurations = (
				0460259C2E25EE5B005DB147 /* Debug */,
				0460259D2E25EE5B005DB147 /* Release */,
			);
			defaultConfigurationIsVisible = 0;
			defaultConfigurationName = Release;
		};
		046025992E25EE5B005DB147 /* Build configuration list for PBXNativeTarget "ZARA" */ = {
			isa = XCConfigurationList;
			buildConfigurations = (
				0460259A2E25EE5B005DB147 /* Debug */,
				0460259B2E25EE5B005DB147 /* Release */,
			);
			defaultConfigurationIsVisible = 0;
			defaultConfigurationName = Release;
		};
		0460259E2E25EE5B005DB147 /* Build configuration list for PBXNativeTarget "ZARATests" */ = {
			isa = XCConfigurationList;
			buildConfigurations = (
				0460259F2E25EE5B005DB147 /* Debug */,
				046025A02E25EE5B005DB147 /* Release */,
			);
			defaultConfigurationIsVisible = 0;
			defaultConfigurationName = Release;
		};
		046025A12E25EE5B005DB147 /* Build configuration list for PBXNativeTarget "ZARAUITests" */ = {
			isa = XCConfigurationList;
			buildConfigurations = (
				046025A22E25EE5B005DB147 /* Debug */,
				046025A32E25EE5B005DB147 /* Release */,
			);
			defaultConfigurationIsVisible = 0;
			defaultConfigurationName = Release;
		};
/* End XCConfigurationList section */
	};
	rootObject = 046025632E25EE5A005DB147 /* Project object */;
}
